
Microsoft Visual Studio Solution File, Format Version 12.00
# Visual Studio Version 16
VisualStudioVersion = 16.0.29411.108
MinimumVisualStudioVersion = 10.0.40219.1
Project("{2150E333-8FDC-42A3-9474-1A3956D46DE8}") = "Microservices", "Microservices", "{ADBCE70D-B219-44EC-9564-F8BC61639E9C}"
EndProject
Project("{2150E333-8FDC-42A3-9474-1A3956D46DE8}") = "Domain", "Domain", "{26A14AF4-2267-42E0-B5B5-14B81C196891}"
EndProject
Project("{2150E333-8FDC-42A3-9474-1A3956D46DE8}") = "Infra.Bus", "Infra.Bus", "{D221893F-9FC8-40D4-8531-2711153E7F2A}"
EndProject
Project("{2150E333-8FDC-42A3-9474-1A3956D46DE8}") = "Infra.Ioc", "Infra.Ioc", "{8E8BECE5-844B-4EC5-B9BF-83956E4E6843}"
EndProject
Project("{2150E333-8FDC-42A3-9474-1A3956D46DE8}") = "Presentation", "Presentation", "{D1FCAD06-4B92-447F-BD24-A62E6F52FA78}"
EndProject
Project("{9A19103F-16F7-4668-BE54-9A1E7A4F7556}") = "MicroRabbitMQ.Domain.Core", "MicroRabbitMQ.Domain.Core\MicroRabbitMQ.Domain.Core.csproj", "{10828A65-29EF-4CD9-8507-F92B5ECD551A}"
EndProject
Project("{9A19103F-16F7-4668-BE54-9A1E7A4F7556}") = "MicroRabbitMQ.Infra.Bus", "MicroRabbitMQ.Infra.Bus\MicroRabbitMQ.Infra.Bus.csproj", "{0D994BDA-69BE-4FFC-B680-8E197EB0DF36}"
EndProject
Project("{9A19103F-16F7-4668-BE54-9A1E7A4F7556}") = "MicroRabbitMQ.Infra.IoC", "MicroRabbitMQ.Infra.IoC\MicroRabbitMQ.Infra.IoC.csproj", "{57ADF2C6-4697-4626-AFD2-7291F88B973A}"
EndProject
Project("{2150E333-8FDC-42A3-9474-1A3956D46DE8}") = "Banking", "Banking", "{E1F9816F-F840-4DC1-B9E7-3E43F5A5CD75}"
EndProject
Project("{2150E333-8FDC-42A3-9474-1A3956D46DE8}") = "Api", "Api", "{A686CC83-B133-4712-9E67-B46162297799}"
EndProject
Project("{2150E333-8FDC-42A3-9474-1A3956D46DE8}") = "Domain", "Domain", "{646FCC21-0E67-49BE-A178-2E78F8D8E815}"
EndProject
Project("{2150E333-8FDC-42A3-9474-1A3956D46DE8}") = "Application", "Application", "{3EA66B35-B0FE-4286-B10B-B9CFBB4F0C50}"
EndProject
Project("{2150E333-8FDC-42A3-9474-1A3956D46DE8}") = "Data", "Data", "{D414820B-6A02-4193-8097-B8C763966FC2}"
EndProject
Project("{9A19103F-16F7-4668-BE54-9A1E7A4F7556}") = "MicroRabbitMQ.Banking.Api", "MicroRabbitMQ.Banking.Api\MicroRabbitMQ.Banking.Api.csproj", "{5ECF8686-B1E2-4DC8-828B-8AE17076B46E}"
EndProject
Project("{9A19103F-16F7-4668-BE54-9A1E7A4F7556}") = "MicroRabbitMQ.Banking.Application", "MicroRabbitMQ.Banking.Application\MicroRabbitMQ.Banking.Application.csproj", "{5ACA4225-B4DC-47DA-91F1-3DE62D60C34F}"
EndProject
Project("{9A19103F-16F7-4668-BE54-9A1E7A4F7556}") = "MicroRabbitMQ.Banking.Data", "MicroRabbitMQ.Banking.Data\MicroRabbitMQ.Banking.Data.csproj", "{9421F52F-8FEC-412B-AC07-EFCD01BF9841}"
EndProject
Project("{9A19103F-16F7-4668-BE54-9A1E7A4F7556}") = "MicroRabbitMQ.Banking.Domain", "MicroRabbitMQ.Banking.Domain\MicroRabbitMQ.Banking.Domain.csproj", "{CCFE4557-FD81-4457-85D6-B01FEA58D7BB}"
EndProject
Project("{2150E333-8FDC-42A3-9474-1A3956D46DE8}") = "Transfer", "Transfer", "{F2272D0E-A34A-4DCA-B615-008357576106}"
EndProject
Project("{2150E333-8FDC-42A3-9474-1A3956D46DE8}") = "Api", "Api", "{5C1B260E-DE9E-4FA8-A360-54B129BE5B6F}"
EndProject
Project("{2150E333-8FDC-42A3-9474-1A3956D46DE8}") = "Application", "Application", "{5BA121C2-BC10-48E6-BE65-08401E86FD39}"
EndProject
Project("{2150E333-8FDC-42A3-9474-1A3956D46DE8}") = "Data", "Data", "{3FFF6D23-671B-40F4-83D7-37B645FC9257}"
EndProject
Project("{2150E333-8FDC-42A3-9474-1A3956D46DE8}") = "Domain", "Domain", "{DBA43C97-5068-4618-8EEE-ED9590DEDE04}"
EndProject
Project("{FAE04EC0-301F-11D3-BF4B-00C04F79EFBC}") = "RabbitMQ.Transfer.API", "RabbitMQ.Transfer.API\RabbitMQ.Transfer.API.csproj", "{C0396875-C356-48F4-9205-8666A96256C2}"
EndProject
Project("{FAE04EC0-301F-11D3-BF4B-00C04F79EFBC}") = "MicroRabbitMQ.Transfer.Application", "MicroRabbitMQ.Transfer.Application\MicroRabbitMQ.Transfer.Application.csproj", "{690E8210-3540-4FD6-8C65-6C11304D2BBF}"
EndProject
Project("{FAE04EC0-301F-11D3-BF4B-00C04F79EFBC}") = "MicroRabbitMQ.Transfer.Data", "MicroRabbitMQ.Transfer.Data\MicroRabbitMQ.Transfer.Data.csproj", "{0156FB54-2B52-42CC-B55F-BDE657068DC8}"
EndProject
Project("{FAE04EC0-301F-11D3-BF4B-00C04F79EFBC}") = "MicroRabbitMQ.Transfer.Domain", "MicroRabbitMQ.Transfer.Domain\MicroRabbitMQ.Transfer.Domain.csproj", "{D553FE9E-DAC2-409C-BE26-F523783EFB95}"
EndProject
Project("{2150E333-8FDC-42A3-9474-1A3956D46DE8}") = "CommandHandlers", "CommandHandlers", "{86CDFDDA-29BE-45EA-8262-240FC72B058C}"
EndProject
Project("{2150E333-8FDC-42A3-9474-1A3956D46DE8}") = "Command", "Command", "{560E6FB7-EEEF-40CF-B335-73D5884D4031}"
EndProject
Project("{2150E333-8FDC-42A3-9474-1A3956D46DE8}") = "EventHandlers", "EventHandlers", "{1AEA45B9-5B10-43B9-92FA-A4DF64B46BAB}"
EndProject
Project("{2150E333-8FDC-42A3-9474-1A3956D46DE8}") = "Events", "Events", "{20E622E3-72EF-455F-9C68-FD4E9A3CD84D}"
EndProject
Project("{2150E333-8FDC-42A3-9474-1A3956D46DE8}") = "Interfaces", "Interfaces", "{6C560E9D-D38F-4870-BF2F-33745EB916F5}"
EndProject
Project("{2150E333-8FDC-42A3-9474-1A3956D46DE8}") = "Models", "Models", "{5D690349-D2B6-4936-91F8-F5572C891FE5}"
EndProject
Project("{2150E333-8FDC-42A3-9474-1A3956D46DE8}") = "Context", "Context", "{492CD2F9-BA61-4793-AC74-5C0ABF4D9426}"
EndProject
Project("{2150E333-8FDC-42A3-9474-1A3956D46DE8}") = "Repository", "Repository", "{00BD4995-98C6-4F9C-AFEF-538EF5183854}"
EndProject
Project("{2150E333-8FDC-42A3-9474-1A3956D46DE8}") = "Interfaces", "Interfaces", "{DF3F756A-1377-4999-B4D3-175045CD9CBB}"
EndProject
Project("{2150E333-8FDC-42A3-9474-1A3956D46DE8}") = "Models", "Models", "{56B6F3AA-0C66-4233-997F-A6610D1960D4}"
EndProject
Project("{2150E333-8FDC-42A3-9474-1A3956D46DE8}") = "Services", "Services", "{F527CDCC-E30C-4C91-A186-A3F162C016D5}"
EndProject
Global
	GlobalSection(SolutionConfigurationPlatforms) = preSolution
		Debug|Any CPU = Debug|Any CPU
		Release|Any CPU = Release|Any CPU
	EndGlobalSection
	GlobalSection(ProjectConfigurationPlatforms) = postSolution
		{10828A65-29EF-4CD9-8507-F92B5ECD551A}.Debug|Any CPU.ActiveCfg = Debug|Any CPU
		{10828A65-29EF-4CD9-8507-F92B5ECD551A}.Debug|Any CPU.Build.0 = Debug|Any CPU
		{10828A65-29EF-4CD9-8507-F92B5ECD551A}.Release|Any CPU.ActiveCfg = Release|Any CPU
		{10828A65-29EF-4CD9-8507-F92B5ECD551A}.Release|Any CPU.Build.0 = Release|Any CPU
		{0D994BDA-69BE-4FFC-B680-8E197EB0DF36}.Debug|Any CPU.ActiveCfg = Debug|Any CPU
		{0D994BDA-69BE-4FFC-B680-8E197EB0DF36}.Debug|Any CPU.Build.0 = Debug|Any CPU
		{0D994BDA-69BE-4FFC-B680-8E197EB0DF36}.Release|Any CPU.ActiveCfg = Release|Any CPU
		{0D994BDA-69BE-4FFC-B680-8E197EB0DF36}.Release|Any CPU.Build.0 = Release|Any CPU
		{57ADF2C6-4697-4626-AFD2-7291F88B973A}.Debug|Any CPU.ActiveCfg = Debug|Any CPU
		{57ADF2C6-4697-4626-AFD2-7291F88B973A}.Debug|Any CPU.Build.0 = Debug|Any CPU
		{57ADF2C6-4697-4626-AFD2-7291F88B973A}.Release|Any CPU.ActiveCfg = Release|Any CPU
		{57ADF2C6-4697-4626-AFD2-7291F88B973A}.Release|Any CPU.Build.0 = Release|Any CPU
		{5ECF8686-B1E2-4DC8-828B-8AE17076B46E}.Debug|Any CPU.ActiveCfg = Debug|Any CPU
		{5ECF8686-B1E2-4DC8-828B-8AE17076B46E}.Debug|Any CPU.Build.0 = Debug|Any CPU
		{5ECF8686-B1E2-4DC8-828B-8AE17076B46E}.Release|Any CPU.ActiveCfg = Release|Any CPU
		{5ECF8686-B1E2-4DC8-828B-8AE17076B46E}.Release|Any CPU.Build.0 = Release|Any CPU
		{5ACA4225-B4DC-47DA-91F1-3DE62D60C34F}.Debug|Any CPU.ActiveCfg = Debug|Any CPU
		{5ACA4225-B4DC-47DA-91F1-3DE62D60C34F}.Debug|Any CPU.Build.0 = Debug|Any CPU
		{5ACA4225-B4DC-47DA-91F1-3DE62D60C34F}.Release|Any CPU.ActiveCfg = Release|Any CPU
		{5ACA4225-B4DC-47DA-91F1-3DE62D60C34F}.Release|Any CPU.Build.0 = Release|Any CPU
		{9421F52F-8FEC-412B-AC07-EFCD01BF9841}.Debug|Any CPU.ActiveCfg = Debug|Any CPU
		{9421F52F-8FEC-412B-AC07-EFCD01BF9841}.Debug|Any CPU.Build.0 = Debug|Any CPU
		{9421F52F-8FEC-412B-AC07-EFCD01BF9841}.Release|Any CPU.ActiveCfg = Release|Any CPU
		{9421F52F-8FEC-412B-AC07-EFCD01BF9841}.Release|Any CPU.Build.0 = Release|Any CPU
		{CCFE4557-FD81-4457-85D6-B01FEA58D7BB}.Debug|Any CPU.ActiveCfg = Debug|Any CPU
		{CCFE4557-FD81-4457-85D6-B01FEA58D7BB}.Debug|Any CPU.Build.0 = Debug|Any CPU
		{CCFE4557-FD81-4457-85D6-B01FEA58D7BB}.Release|Any CPU.ActiveCfg = Release|Any CPU
		{CCFE4557-FD81-4457-85D6-B01FEA58D7BB}.Release|Any CPU.Build.0 = Release|Any CPU
		{C0396875-C356-48F4-9205-8666A96256C2}.Debug|Any CPU.ActiveCfg = Debug|Any CPU
		{C0396875-C356-48F4-9205-8666A96256C2}.Debug|Any CPU.Build.0 = Debug|Any CPU
		{C0396875-C356-48F4-9205-8666A96256C2}.Release|Any CPU.ActiveCfg = Release|Any CPU
		{C0396875-C356-48F4-9205-8666A96256C2}.Release|Any CPU.Build.0 = Release|Any CPU
		{690E8210-3540-4FD6-8C65-6C11304D2BBF}.Debug|Any CPU.ActiveCfg = Debug|Any CPU
		{690E8210-3540-4FD6-8C65-6C11304D2BBF}.Debug|Any CPU.Build.0 = Debug|Any CPU
		{690E8210-3540-4FD6-8C65-6C11304D2BBF}.Release|Any CPU.ActiveCfg = Release|Any CPU
		{690E8210-3540-4FD6-8C65-6C11304D2BBF}.Release|Any CPU.Build.0 = Release|Any CPU
		{0156FB54-2B52-42CC-B55F-BDE657068DC8}.Debug|Any CPU.ActiveCfg = Debug|Any CPU
		{0156FB54-2B52-42CC-B55F-BDE657068DC8}.Debug|Any CPU.Build.0 = Debug|Any CPU
		{0156FB54-2B52-42CC-B55F-BDE657068DC8}.Release|Any CPU.ActiveCfg = Release|Any CPU
		{0156FB54-2B52-42CC-B55F-BDE657068DC8}.Release|Any CPU.Build.0 = Release|Any CPU
		{D553FE9E-DAC2-409C-BE26-F523783EFB95}.Debug|Any CPU.ActiveCfg = Debug|Any CPU
		{D553FE9E-DAC2-409C-BE26-F523783EFB95}.Debug|Any CPU.Build.0 = Debug|Any CPU
		{D553FE9E-DAC2-409C-BE26-F523783EFB95}.Release|Any CPU.ActiveCfg = Release|Any CPU
		{D553FE9E-DAC2-409C-BE26-F523783EFB95}.Release|Any CPU.Build.0 = Release|Any CPU
	EndGlobalSection
	GlobalSection(SolutionProperties) = preSolution
		HideSolutionNode = FALSE
	EndGlobalSection
	GlobalSection(NestedProjects) = preSolution
		{10828A65-29EF-4CD9-8507-F92B5ECD551A} = {26A14AF4-2267-42E0-B5B5-14B81C196891}
		{0D994BDA-69BE-4FFC-B680-8E197EB0DF36} = {D221893F-9FC8-40D4-8531-2711153E7F2A}
		{57ADF2C6-4697-4626-AFD2-7291F88B973A} = {8E8BECE5-844B-4EC5-B9BF-83956E4E6843}
		{E1F9816F-F840-4DC1-B9E7-3E43F5A5CD75} = {ADBCE70D-B219-44EC-9564-F8BC61639E9C}
		{A686CC83-B133-4712-9E67-B46162297799} = {E1F9816F-F840-4DC1-B9E7-3E43F5A5CD75}
		{646FCC21-0E67-49BE-A178-2E78F8D8E815} = {E1F9816F-F840-4DC1-B9E7-3E43F5A5CD75}
		{3EA66B35-B0FE-4286-B10B-B9CFBB4F0C50} = {E1F9816F-F840-4DC1-B9E7-3E43F5A5CD75}
		{D414820B-6A02-4193-8097-B8C763966FC2} = {E1F9816F-F840-4DC1-B9E7-3E43F5A5CD75}
		{5ECF8686-B1E2-4DC8-828B-8AE17076B46E} = {A686CC83-B133-4712-9E67-B46162297799}
		{5ACA4225-B4DC-47DA-91F1-3DE62D60C34F} = {3EA66B35-B0FE-4286-B10B-B9CFBB4F0C50}
		{9421F52F-8FEC-412B-AC07-EFCD01BF9841} = {D414820B-6A02-4193-8097-B8C763966FC2}
		{CCFE4557-FD81-4457-85D6-B01FEA58D7BB} = {646FCC21-0E67-49BE-A178-2E78F8D8E815}
		{F2272D0E-A34A-4DCA-B615-008357576106} = {ADBCE70D-B219-44EC-9564-F8BC61639E9C}
		{5C1B260E-DE9E-4FA8-A360-54B129BE5B6F} = {F2272D0E-A34A-4DCA-B615-008357576106}
		{5BA121C2-BC10-48E6-BE65-08401E86FD39} = {F2272D0E-A34A-4DCA-B615-008357576106}
		{3FFF6D23-671B-40F4-83D7-37B645FC9257} = {F2272D0E-A34A-4DCA-B615-008357576106}
		{DBA43C97-5068-4618-8EEE-ED9590DEDE04} = {F2272D0E-A34A-4DCA-B615-008357576106}
		{C0396875-C356-48F4-9205-8666A96256C2} = {5C1B260E-DE9E-4FA8-A360-54B129BE5B6F}
		{690E8210-3540-4FD6-8C65-6C11304D2BBF} = {5BA121C2-BC10-48E6-BE65-08401E86FD39}
		{0156FB54-2B52-42CC-B55F-BDE657068DC8} = {3FFF6D23-671B-40F4-83D7-37B645FC9257}
		{D553FE9E-DAC2-409C-BE26-F523783EFB95} = {DBA43C97-5068-4618-8EEE-ED9590DEDE04}
		{86CDFDDA-29BE-45EA-8262-240FC72B058C} = {DBA43C97-5068-4618-8EEE-ED9590DEDE04}
		{560E6FB7-EEEF-40CF-B335-73D5884D4031} = {DBA43C97-5068-4618-8EEE-ED9590DEDE04}
		{1AEA45B9-5B10-43B9-92FA-A4DF64B46BAB} = {DBA43C97-5068-4618-8EEE-ED9590DEDE04}
		{20E622E3-72EF-455F-9C68-FD4E9A3CD84D} = {DBA43C97-5068-4618-8EEE-ED9590DEDE04}
		{6C560E9D-D38F-4870-BF2F-33745EB916F5} = {DBA43C97-5068-4618-8EEE-ED9590DEDE04}
		{5D690349-D2B6-4936-91F8-F5572C891FE5} = {DBA43C97-5068-4618-8EEE-ED9590DEDE04}
		{492CD2F9-BA61-4793-AC74-5C0ABF4D9426} = {3FFF6D23-671B-40F4-83D7-37B645FC9257}
		{00BD4995-98C6-4F9C-AFEF-538EF5183854} = {3FFF6D23-671B-40F4-83D7-37B645FC9257}
		{DF3F756A-1377-4999-B4D3-175045CD9CBB} = {5BA121C2-BC10-48E6-BE65-08401E86FD39}
		{56B6F3AA-0C66-4233-997F-A6610D1960D4} = {5BA121C2-BC10-48E6-BE65-08401E86FD39}
		{F527CDCC-E30C-4C91-A186-A3F162C016D5} = {5BA121C2-BC10-48E6-BE65-08401E86FD39}
	EndGlobalSection
	GlobalSection(ExtensibilityGlobals) = postSolution
		SolutionGuid = {504AEE33-0197-402B-9FB5-261BC907AE7B}
	EndGlobalSection
EndGlobal
